github.com/aws/aws-sdk-go-v2 v1.40.0 h1:/WMUA0kjhZExjOQN2z3oLALDREea1A7TobfuiBrKlwc=
github.com/aws/aws-sdk-go-v2 v1.40.0/go.mod h1:c9pm7VwuW0UPxAEYGyTmyurVcNrbF6Rt/wixFqDhcjE=
github.com/aws/aws-sdk-go-v2/aws/protocol/eventstream v1.7.3 h1:DHctwEM8P8iTXFxC/QK0MRjwEpWQeM9yzidCRjldUz0=
github.com/aws/aws-sdk-go-v2/aws/protocol/eventstream v1.7.3/go.mod h1:xdCzcZEtnSTKVDOmUZs4l/j3pSV6rpo1WXl5ugNsL8Y=
github.com/aws/aws-sdk-go-v2/credentials v1.19.2 h1:qZry8VUyTK4VIo5aEdUcBjPZHL2v4FyQ3QEOaWcFLu4=
github.com/aws/aws-sdk-go-v2/credentials v1.19.2/go.mod h1:YUqm5a1/kBnoK+/NY5WEiMocZihKSo15/tJdmdXnM5g=
github.com/aws/aws-sdk-go-v2/internal/configsources v1.4.14 h1:PZHqQACxYb8mYgms4RZbhZG0a7dPW06xOjmaH0EJC/I=
github.com/aws/aws-sdk-go-v2/internal/configsources v1.4.14/go.mod h1:VymhrMJUWs69D8u0/lZ7jSB6WgaG/NqHi3gX0aYf6U0=
github.com/aws/aws-sdk-go-v2/internal/endpoints/v2 v2.7.14 h1:bOS19y6zlJwagBfHxs0ESzr1XCOU2KXJCWcq3E2vfjY=
github.com/aws/aws-sdk-go-v2/internal/endpoints/v2 v2.7.14/go.mod h1:1ipeGBMAxZ0xcTm6y6paC2C/J6f6OO7LBODV9afuAyM=
github.com/aws/aws-sdk-go-v2/service/apigateway v1.38.1 h1:MiYwC7V/xOMx680kEM68ojHoUZJRgYRSaEwFY5q5etw=
github.com/aws/aws-sdk-go-v2/service/apigateway v1.38.1/go.mod h1:/HnZROWxpp+MMou2NI80NiDSzosdrx2/9Rvg56culQQ=
github.com/aws/aws-sdk-go-v2/service/apigatewayv2 v1.33.2 h1:vmXrs6ZdYIjSnVNaRmclj4C9aukhaATGc5xrYxl3BfU=
github.com/aws/aws-sdk-go-v2/service/apigatewayv2 v1.33.2/go.mod h1:wjcTbvMGit508yYd5nXdFC404E6YR04VE4FZ6jHvO8Y=
github.com/aws/aws-sdk-go-v2/service/directconnect v1.33.0 h1:kEJqpW57eydwCb9z27Lf512CWu1/vI4QGnvzUTNy2R4=
github.com/aws/aws-sdk-go-v2/service/directconnect v1.33.0/go.mod h1:FfJr4vCV+Z+JFqrBjWnrC393YqgzA1iH55RdkgkC7J8=
github.com/aws/aws-sdk-go-v2/service/directconnect v1.38.7 h1:Fpb9FBYw6W0hRMMQynCRdcxyDLY7cMz/34bMo7XZfeQ=
github.com/aws/aws-sdk-go-v2/service/directconnect v1.38.7/go.mod h1:S+im9xXqp0IB2fFvcOXgbFKzV+vL7d8ShTl9BNUXJdg=
github.com/aws/aws-sdk-go-v2/service/ec2 v1.275.0 h1:ymusjrsOjrcVBQNQXYFIQEHJIJ17/m+VoDSmWIMjGe0=
github.com/aws/aws-sdk-go-v2/service/ec2 v1.275.0/go.mod h1:QrV+/GjhSrJh6MRRuTO6ZEg4M2I0nwPakf0lZHSrE1o=
github.com/aws/aws-sdk-go-v2/service/elasticache v1.47.0 h1:rdeVbBkLSPlOsPGQt1UjBzMplSN6tJlsLtHk4AWp7Hc=
github.com/aws/aws-sdk-go-v2/service/elasticache v1.47.0/go.mod h1:5vWa4LGphYB/O9zzyoq6ICz0HP4GQvF/CD8683WVDgg=
github.com/aws/aws-sdk-go-v2/service/elasticache v1.51.5 h1:hSpOzx/Lu9CPR8Z63eJ41/QFe4wpwC9+4dPaF5duMs4=
github.com/aws/aws-sdk-go-v2/service/elasticache v1.51.5/go.mod h1:ApnhfqBJO/U4iwpAYBKWmGZFXR2de6UVjqhj/hGMaEk=
github.com/aws/aws-sdk-go-v2/service/elasticloadbalancing v1.33.15 h1:dJtNm4/eMx8nczyN3P4iAARXMj2rAvOJnj608zCqCmw=
github.com/aws/aws-sdk-go-v2/service/elasticloadbalancing v1.33.15/go.mod h1:QEbuU4eh8HGdv4uvld0Jth+KW8L0lOSYlyPcW6+JJo8=
github.com/aws/aws-sdk-go-v2/service/elasticloadbalancingv2 v1.54.2 h1:xJkfrBzq4b4JxnxwNNzjUKmbQj1hPa4uUikSeXQFBYk=
github.com/aws/aws-sdk-go-v2/service/elasticloadbalancingv2 v1.54.2/go.mod h1:DpGMmFhQwV/HH9zugLT5Ovf9HMKdQ+6ejfJybqEC9i4=
github.com/aws/aws-sdk-go-v2/service/internal/accept-encoding v1.13.3 h1:x2Ibm/Af8Fi+BH+Hsn9TXGdT+hKbDd5XOTZxTMxDk7o=
github.com/aws/aws-sdk-go-v2/service/internal/accept-encoding v1.13.3/go.mod h1:IW1jwyrQgMdhisceG8fQLmQIydcT/jWY21rFhzgaKwo=
github.com/aws/aws-sdk-go-v2/service/internal/presigned-url v1.13.14 h1:FIouAnCE46kyYqyhs0XEBDFFSREtdnr8HQuLPQPLCrY=
github.com/aws/aws-sdk-go-v2/service/internal/presigned-url v1.13.14/go.mod h1:UTwDc5COa5+guonQU8qBikJo1ZJ4ln2r1MkF7Dqag1E=
github.com/aws/aws-sdk-go-v2/service/lambda v1.83.1 h1:YzOkKK2UaDmc5l5AAR4o0eUFTldhyAEiDR6pgTw/NOk=
github.com/aws/aws-sdk-go-v2/service/lambda v1.83.1/go.mod h1:eIjSAyPg9Qgrxc3hO8ppauvdjVnWbmudyAevEnOuat8=
github.com/aws/aws-sdk-go-v2/service/networkfirewall v1.59.0 h1:mXDNco+HNf9gm/g/UXN3nxksFTcWR3WMRCR4htB13BA=
github.com/aws/aws-sdk-go-v2/service/networkfirewall v1.59.0/go.mod h1:gvepatTXIpepuVOlPZOjFlrvUxfK9z0A5lnbcTUtDK0=
github.com/aws/aws-sdk-go-v2/service/rds v1.111.1 h1:M+J7Y9s0JHeHaSVFoq5aaTDjj58bbUqbCuW7BIam3KI=
github.com/aws/aws-sdk-go-v2/service/rds v1.111.1/go.mod h1:DCoBFX5nu7ZQxaZqGe+5Ai8Qd3lLpcQF1EhMrlC/FWU=
github.com/aws/aws-sdk-go-v2/service/sts v1.41.2 h1:a5UTtD4mHBU3t0o6aHQZFJTNKVfxFWfPX7J0Lr7G+uY=
github.com/aws/aws-sdk-go-v2/service/sts v1.41.2/go.mod h1:6TxbXoDSgBQ225Qd8Q+MbxUxUh6TtNKwbRt/EPS9xso=
github.com/aws/smithy-go v1.23.2 h1:Crv0eatJUQhaManss33hS5r40CG3ZFH+21XSkqMrIUM=
github.com/aws/smithy-go v1.23.2/go.mod h1:LEj2LM3rBRQJxPZTB4KuzZkaZYnZPnvgIhb4pu07mx0=
golang.org/x/sync v0.18.0 h1:kr88TuHDroi+UVf+0hZnirlk8o8T+4MrK6mr60WkH/I=
golang.org/x/sync v0.18.0/go.mod h1:9KTHXmSnoGruLpwFjVSX0lNNA75CykiMECbovNTZqGI=
